
Microsoft Visual Studio Solution File, Format Version 12.00
# Visual Studio 15
VisualStudioVersion = 15.0.27130.2027
MinimumVisualStudioVersion = 10.0.40219.1
Project("{FAE04EC0-301F-11D3-BF4B-00C04F79EFBC}") = "Main", "Main\Main.csproj", "{A95E6509-0CDC-4C01-BE2B-E29957BE25BB}"
EndProject
Project("{FAE04EC0-301F-11D3-BF4B-00C04F79EFBC}") = "Core", "Core\Core.csproj", "{60600808-2463-40BE-A3CD-1D155508C195}"
EndProject
Project("{FAE04EC0-301F-11D3-BF4B-00C04F79EFBC}") = "KrakenApi", "KrakenApi\KrakenApi.csproj", "{F14FBC9A-BB60-4D11-B94D-9D36D621BAC3}"
EndProject
Project("{FAE04EC0-301F-11D3-BF4B-00C04F79EFBC}") = "DataLibrary", "DataLibrary\DataLibrary.csproj", "{3BD6744B-A4B7-4DE0-BF78-93EDA8097CDE}"
EndProject
Project("{FAE04EC0-301F-11D3-BF4B-00C04F79EFBC}") = "CryptoApp", "CryptoApp\CryptoApp.csproj", "{3C0466C4-EBEB-4691-A5B8-18FC927556CF}"
EndProject
Project("{FAE04EC0-301F-11D3-BF4B-00C04F79EFBC}") = "TimeSeriesAnalytics", "TimeSeriesAnalytics\TimeSeriesAnalytics.csproj", "{4DBBA2A4-8179-443C-8004-977D88DAB946}"
EndProject
Project("{FAE04EC0-301F-11D3-BF4B-00C04F79EFBC}") = "Logging", "Logging\Logging.csproj", "{E73D727D-CA54-4BE9-BE0C-3F1C6C1EF4FD}"
EndProject
Project("{FAE04EC0-301F-11D3-BF4B-00C04F79EFBC}") = "UnitTestProject", "UnitTestProject\UnitTestProject.csproj", "{910A3511-F2BB-4FBB-A6FE-0658A94E5DC9}"
EndProject
Global
	GlobalSection(SolutionConfigurationPlatforms) = preSolution
		Debug|Any CPU = Debug|Any CPU
		Debug|ARM = Debug|ARM
		Debug|x64 = Debug|x64
		Debug|x86 = Debug|x86
		Release|Any CPU = Release|Any CPU
		Release|ARM = Release|ARM
		Release|x64 = Release|x64
		Release|x86 = Release|x86
	EndGlobalSection
	GlobalSection(ProjectConfigurationPlatforms) = postSolution
		{A95E6509-0CDC-4C01-BE2B-E29957BE25BB}.Debug|Any CPU.ActiveCfg = Debug|Any CPU
		{A95E6509-0CDC-4C01-BE2B-E29957BE25BB}.Debug|Any CPU.Build.0 = Debug|Any CPU
		{A95E6509-0CDC-4C01-BE2B-E29957BE25BB}.Debug|ARM.ActiveCfg = Debug|Any CPU
		{A95E6509-0CDC-4C01-BE2B-E29957BE25BB}.Debug|ARM.Build.0 = Debug|Any CPU
		{A95E6509-0CDC-4C01-BE2B-E29957BE25BB}.Debug|x64.ActiveCfg = Debug|Any CPU
		{A95E6509-0CDC-4C01-BE2B-E29957BE25BB}.Debug|x64.Build.0 = Debug|Any CPU
		{A95E6509-0CDC-4C01-BE2B-E29957BE25BB}.Debug|x86.ActiveCfg = Debug|Any CPU
		{A95E6509-0CDC-4C01-BE2B-E29957BE25BB}.Debug|x86.Build.0 = Debug|Any CPU
		{A95E6509-0CDC-4C01-BE2B-E29957BE25BB}.Release|Any CPU.ActiveCfg = Release|Any CPU
		{A95E6509-0CDC-4C01-BE2B-E29957BE25BB}.Release|Any CPU.Build.0 = Release|Any CPU
		{A95E6509-0CDC-4C01-BE2B-E29957BE25BB}.Release|ARM.ActiveCfg = Release|Any CPU
		{A95E6509-0CDC-4C01-BE2B-E29957BE25BB}.Release|ARM.Build.0 = Release|Any CPU
		{A95E6509-0CDC-4C01-BE2B-E29957BE25BB}.Release|x64.ActiveCfg = Release|Any CPU
		{A95E6509-0CDC-4C01-BE2B-E29957BE25BB}.Release|x64.Build.0 = Release|Any CPU
		{A95E6509-0CDC-4C01-BE2B-E29957BE25BB}.Release|x86.ActiveCfg = Release|Any CPU
		{A95E6509-0CDC-4C01-BE2B-E29957BE25BB}.Release|x86.Build.0 = Release|Any CPU
		{60600808-2463-40BE-A3CD-1D155508C195}.Debug|Any CPU.ActiveCfg = Debug|Any CPU
		{60600808-2463-40BE-A3CD-1D155508C195}.Debug|Any CPU.Build.0 = Debug|Any CPU
		{60600808-2463-40BE-A3CD-1D155508C195}.Debug|ARM.ActiveCfg = Debug|Any CPU
		{60600808-2463-40BE-A3CD-1D155508C195}.Debug|ARM.Build.0 = Debug|Any CPU
		{60600808-2463-40BE-A3CD-1D155508C195}.Debug|x64.ActiveCfg = Debug|Any CPU
		{60600808-2463-40BE-A3CD-1D155508C195}.Debug|x64.Build.0 = Debug|Any CPU
		{60600808-2463-40BE-A3CD-1D155508C195}.Debug|x86.ActiveCfg = Debug|Any CPU
		{60600808-2463-40BE-A3CD-1D155508C195}.Debug|x86.Build.0 = Debug|Any CPU
		{60600808-2463-40BE-A3CD-1D155508C195}.Release|Any CPU.ActiveCfg = Release|Any CPU
		{60600808-2463-40BE-A3CD-1D155508C195}.Release|Any CPU.Build.0 = Release|Any CPU
		{60600808-2463-40BE-A3CD-1D155508C195}.Release|ARM.ActiveCfg = Release|Any CPU
		{60600808-2463-40BE-A3CD-1D155508C195}.Release|ARM.Build.0 = Release|Any CPU
		{60600808-2463-40BE-A3CD-1D155508C195}.Release|x64.ActiveCfg = Release|Any CPU
		{60600808-2463-40BE-A3CD-1D155508C195}.Release|x64.Build.0 = Release|Any CPU
		{60600808-2463-40BE-A3CD-1D155508C195}.Release|x86.ActiveCfg = Release|Any CPU
		{60600808-2463-40BE-A3CD-1D155508C195}.Release|x86.Build.0 = Release|Any CPU
		{F14FBC9A-BB60-4D11-B94D-9D36D621BAC3}.Debug|Any CPU.ActiveCfg = Debug|Any CPU
		{F14FBC9A-BB60-4D11-B94D-9D36D621BAC3}.Debug|Any CPU.Build.0 = Debug|Any CPU
		{F14FBC9A-BB60-4D11-B94D-9D36D621BAC3}.Debug|ARM.ActiveCfg = Debug|Any CPU
		{F14FBC9A-BB60-4D11-B94D-9D36D621BAC3}.Debug|ARM.Build.0 = Debug|Any CPU
		{F14FBC9A-BB60-4D11-B94D-9D36D621BAC3}.Debug|x64.ActiveCfg = Debug|Any CPU
		{F14FBC9A-BB60-4D11-B94D-9D36D621BAC3}.Debug|x64.Build.0 = Debug|Any CPU
		{F14FBC9A-BB60-4D11-B94D-9D36D621BAC3}.Debug|x86.ActiveCfg = Debug|Any CPU
		{F14FBC9A-BB60-4D11-B94D-9D36D621BAC3}.Debug|x86.Build.0 = Debug|Any CPU
		{F14FBC9A-BB60-4D11-B94D-9D36D621BAC3}.Release|Any CPU.ActiveCfg = Release|Any CPU
		{F14FBC9A-BB60-4D11-B94D-9D36D621BAC3}.Release|Any CPU.Build.0 = Release|Any CPU
		{F14FBC9A-BB60-4D11-B94D-9D36D621BAC3}.Release|ARM.ActiveCfg = Release|Any CPU
		{F14FBC9A-BB60-4D11-B94D-9D36D621BAC3}.Release|ARM.Build.0 = Release|Any CPU
		{F14FBC9A-BB60-4D11-B94D-9D36D621BAC3}.Release|x64.ActiveCfg = Release|Any CPU
		{F14FBC9A-BB60-4D11-B94D-9D36D621BAC3}.Release|x64.Build.0 = Release|Any CPU
		{F14FBC9A-BB60-4D11-B94D-9D36D621BAC3}.Release|x86.ActiveCfg = Release|Any CPU
		{F14FBC9A-BB60-4D11-B94D-9D36D621BAC3}.Release|x86.Build.0 = Release|Any CPU
		{3BD6744B-A4B7-4DE0-BF78-93EDA8097CDE}.Debug|Any CPU.ActiveCfg = Debug|Any CPU
		{3BD6744B-A4B7-4DE0-BF78-93EDA8097CDE}.Debug|Any CPU.Build.0 = Debug|Any CPU
		{3BD6744B-A4B7-4DE0-BF78-93EDA8097CDE}.Debug|ARM.ActiveCfg = Debug|Any CPU
		{3BD6744B-A4B7-4DE0-BF78-93EDA8097CDE}.Debug|ARM.Build.0 = Debug|Any CPU
		{3BD6744B-A4B7-4DE0-BF78-93EDA8097CDE}.Debug|x64.ActiveCfg = Debug|Any CPU
		{3BD6744B-A4B7-4DE0-BF78-93EDA8097CDE}.Debug|x64.Build.0 = Debug|Any CPU
		{3BD6744B-A4B7-4DE0-BF78-93EDA8097CDE}.Debug|x86.ActiveCfg = Debug|Any CPU
		{3BD6744B-A4B7-4DE0-BF78-93EDA8097CDE}.Debug|x86.Build.0 = Debug|Any CPU
		{3BD6744B-A4B7-4DE0-BF78-93EDA8097CDE}.Release|Any CPU.ActiveCfg = Release|Any CPU
		{3BD6744B-A4B7-4DE0-BF78-93EDA8097CDE}.Release|Any CPU.Build.0 = Release|Any CPU
		{3BD6744B-A4B7-4DE0-BF78-93EDA8097CDE}.Release|ARM.ActiveCfg = Release|Any CPU
		{3BD6744B-A4B7-4DE0-BF78-93EDA8097CDE}.Release|ARM.Build.0 = Release|Any CPU
		{3BD6744B-A4B7-4DE0-BF78-93EDA8097CDE}.Release|x64.ActiveCfg = Release|Any CPU
		{3BD6744B-A4B7-4DE0-BF78-93EDA8097CDE}.Release|x64.Build.0 = Release|Any CPU
		{3BD6744B-A4B7-4DE0-BF78-93EDA8097CDE}.Release|x86.ActiveCfg = Release|Any CPU
		{3BD6744B-A4B7-4DE0-BF78-93EDA8097CDE}.Release|x86.Build.0 = Release|Any CPU
		{3C0466C4-EBEB-4691-A5B8-18FC927556CF}.Debug|Any CPU.ActiveCfg = Debug|Any CPU
		{3C0466C4-EBEB-4691-A5B8-18FC927556CF}.Debug|Any CPU.Build.0 = Debug|Any CPU
		{3C0466C4-EBEB-4691-A5B8-18FC927556CF}.Debug|ARM.ActiveCfg = Debug|Any CPU
		{3C0466C4-EBEB-4691-A5B8-18FC927556CF}.Debug|ARM.Build.0 = Debug|Any CPU
		{3C0466C4-EBEB-4691-A5B8-18FC927556CF}.Debug|x64.ActiveCfg = Debug|Any CPU
		{3C0466C4-EBEB-4691-A5B8-18FC927556CF}.Debug|x64.Build.0 = Debug|Any CPU
		{3C0466C4-EBEB-4691-A5B8-18FC927556CF}.Debug|x86.ActiveCfg = Debug|Any CPU
		{3C0466C4-EBEB-4691-A5B8-18FC927556CF}.Debug|x86.Build.0 = Debug|Any CPU
		{3C0466C4-EBEB-4691-A5B8-18FC927556CF}.Release|Any CPU.ActiveCfg = Release|Any CPU
		{3C0466C4-EBEB-4691-A5B8-18FC927556CF}.Release|Any CPU.Build.0 = Release|Any CPU
		{3C0466C4-EBEB-4691-A5B8-18FC927556CF}.Release|ARM.ActiveCfg = Release|Any CPU
		{3C0466C4-EBEB-4691-A5B8-18FC927556CF}.Release|ARM.Build.0 = Release|Any CPU
		{3C0466C4-EBEB-4691-A5B8-18FC927556CF}.Release|x64.ActiveCfg = Release|Any CPU
		{3C0466C4-EBEB-4691-A5B8-18FC927556CF}.Release|x64.Build.0 = Release|Any CPU
		{3C0466C4-EBEB-4691-A5B8-18FC927556CF}.Release|x86.ActiveCfg = Release|Any CPU
		{3C0466C4-EBEB-4691-A5B8-18FC927556CF}.Release|x86.Build.0 = Release|Any CPU
		{4DBBA2A4-8179-443C-8004-977D88DAB946}.Debug|Any CPU.ActiveCfg = Debug|Any CPU
		{4DBBA2A4-8179-443C-8004-977D88DAB946}.Debug|Any CPU.Build.0 = Debug|Any CPU
		{4DBBA2A4-8179-443C-8004-977D88DAB946}.Debug|ARM.ActiveCfg = Debug|Any CPU
		{4DBBA2A4-8179-443C-8004-977D88DAB946}.Debug|ARM.Build.0 = Debug|Any CPU
		{4DBBA2A4-8179-443C-8004-977D88DAB946}.Debug|x64.ActiveCfg = Debug|Any CPU
		{4DBBA2A4-8179-443C-8004-977D88DAB946}.Debug|x64.Build.0 = Debug|Any CPU
		{4DBBA2A4-8179-443C-8004-977D88DAB946}.Debug|x86.ActiveCfg = Debug|Any CPU
		{4DBBA2A4-8179-443C-8004-977D88DAB946}.Debug|x86.Build.0 = Debug|Any CPU
		{4DBBA2A4-8179-443C-8004-977D88DAB946}.Release|Any CPU.ActiveCfg = Release|Any CPU
		{4DBBA2A4-8179-443C-8004-977D88DAB946}.Release|Any CPU.Build.0 = Release|Any CPU
		{4DBBA2A4-8179-443C-8004-977D88DAB946}.Release|ARM.ActiveCfg = Release|Any CPU
		{4DBBA2A4-8179-443C-8004-977D88DAB946}.Release|ARM.Build.0 = Release|Any CPU
		{4DBBA2A4-8179-443C-8004-977D88DAB946}.Release|x64.ActiveCfg = Release|Any CPU
		{4DBBA2A4-8179-443C-8004-977D88DAB946}.Release|x64.Build.0 = Release|Any CPU
		{4DBBA2A4-8179-443C-8004-977D88DAB946}.Release|x86.ActiveCfg = Release|Any CPU
		{4DBBA2A4-8179-443C-8004-977D88DAB946}.Release|x86.Build.0 = Release|Any CPU
		{E73D727D-CA54-4BE9-BE0C-3F1C6C1EF4FD}.Debug|Any CPU.ActiveCfg = Debug|Any CPU
		{E73D727D-CA54-4BE9-BE0C-3F1C6C1EF4FD}.Debug|Any CPU.Build.0 = Debug|Any CPU
		{E73D727D-CA54-4BE9-BE0C-3F1C6C1EF4FD}.Debug|ARM.ActiveCfg = Debug|Any CPU
		{E73D727D-CA54-4BE9-BE0C-3F1C6C1EF4FD}.Debug|ARM.Build.0 = Debug|Any CPU
		{E73D727D-CA54-4BE9-BE0C-3F1C6C1EF4FD}.Debug|x64.ActiveCfg = Debug|Any CPU
		{E73D727D-CA54-4BE9-BE0C-3F1C6C1EF4FD}.Debug|x64.Build.0 = Debug|Any CPU
		{E73D727D-CA54-4BE9-BE0C-3F1C6C1EF4FD}.Debug|x86.ActiveCfg = Debug|Any CPU
		{E73D727D-CA54-4BE9-BE0C-3F1C6C1EF4FD}.Debug|x86.Build.0 = Debug|Any CPU
		{E73D727D-CA54-4BE9-BE0C-3F1C6C1EF4FD}.Release|Any CPU.ActiveCfg = Release|Any CPU
		{E73D727D-CA54-4BE9-BE0C-3F1C6C1EF4FD}.Release|Any CPU.Build.0 = Release|Any CPU
		{E73D727D-CA54-4BE9-BE0C-3F1C6C1EF4FD}.Release|ARM.ActiveCfg = Release|Any CPU
		{E73D727D-CA54-4BE9-BE0C-3F1C6C1EF4FD}.Release|ARM.Build.0 = Release|Any CPU
		{E73D727D-CA54-4BE9-BE0C-3F1C6C1EF4FD}.Release|x64.ActiveCfg = Release|Any CPU
		{E73D727D-CA54-4BE9-BE0C-3F1C6C1EF4FD}.Release|x64.Build.0 = Release|Any CPU
		{E73D727D-CA54-4BE9-BE0C-3F1C6C1EF4FD}.Release|x86.ActiveCfg = Release|Any CPU
		{E73D727D-CA54-4BE9-BE0C-3F1C6C1EF4FD}.Release|x86.Build.0 = Release|Any CPU
		{910A3511-F2BB-4FBB-A6FE-0658A94E5DC9}.Debug|Any CPU.ActiveCfg = Debug|Any CPU
		{910A3511-F2BB-4FBB-A6FE-0658A94E5DC9}.Debug|Any CPU.Build.0 = Debug|Any CPU
		{910A3511-F2BB-4FBB-A6FE-0658A94E5DC9}.Debug|ARM.ActiveCfg = Debug|Any CPU
		{910A3511-F2BB-4FBB-A6FE-0658A94E5DC9}.Debug|ARM.Build.0 = Debug|Any CPU
		{910A3511-F2BB-4FBB-A6FE-0658A94E5DC9}.Debug|x64.ActiveCfg = Debug|Any CPU
		{910A3511-F2BB-4FBB-A6FE-0658A94E5DC9}.Debug|x64.Build.0 = Debug|Any CPU
		{910A3511-F2BB-4FBB-A6FE-0658A94E5DC9}.Debug|x86.ActiveCfg = Debug|Any CPU
		{910A3511-F2BB-4FBB-A6FE-0658A94E5DC9}.Debug|x86.Build.0 = Debug|Any CPU
		{910A3511-F2BB-4FBB-A6FE-0658A94E5DC9}.Release|Any CPU.ActiveCfg = Release|Any CPU
		{910A3511-F2BB-4FBB-A6FE-0658A94E5DC9}.Release|Any CPU.Build.0 = Release|Any CPU
		{910A3511-F2BB-4FBB-A6FE-0658A94E5DC9}.Release|ARM.ActiveCfg = Release|Any CPU
		{910A3511-F2BB-4FBB-A6FE-0658A94E5DC9}.Release|ARM.Build.0 = Release|Any CPU
		{910A3511-F2BB-4FBB-A6FE-0658A94E5DC9}.Release|x64.ActiveCfg = Release|Any CPU
		{910A3511-F2BB-4FBB-A6FE-0658A94E5DC9}.Release|x64.Build.0 = Release|Any CPU
		{910A3511-F2BB-4FBB-A6FE-0658A94E5DC9}.Release|x86.ActiveCfg = Release|Any CPU
		{910A3511-F2BB-4FBB-A6FE-0658A94E5DC9}.Release|x86.Build.0 = Release|Any CPU
	EndGlobalSection
	GlobalSection(SolutionProperties) = preSolution
		HideSolutionNode = FALSE
	EndGlobalSection
	GlobalSection(ExtensibilityGlobals) = postSolution
		SolutionGuid = {DD599619-D1E6-45CE-9E0E-F48030AF8887}
	EndGlobalSection
EndGlobal
